
Microsoft Visual Studio Solution File, Format Version 12.00
# Visual Studio Version 16
VisualStudioVersion = 16.0.29230.47
MinimumVisualStudioVersion = 10.0.40219.1
Project("{FAE04EC0-301F-11D3-BF4B-00C04F79EFBC}") = "testingCI.Web", "src\testingCI.Web\testingCI.Web.csproj", "{1C70AC1B-47D5-442F-A0AD-C9510BD5AA81}"
EndProject
Global
	GlobalSection(SolutionConfigurationPlatforms) = preSolution
		Debug|Any CPU = Debug|Any CPU
		Release|Any CPU = Release|Any CPU
	EndGlobalSection
	GlobalSection(ProjectConfigurationPlatforms) = postSolution
		{1C70AC1B-47D5-442F-A0AD-C9510BD5AA81}.Debug|Any CPU.ActiveCfg = Debug|Any CPU
		{1C70AC1B-47D5-442F-A0AD-C9510BD5AA81}.Debug|Any CPU.Build.0 = Debug|Any CPU
		{1C70AC1B-47D5-442F-A0AD-C9510BD5AA81}.Release|Any CPU.ActiveCfg = Release|Any CPU
		{1C70AC1B-47D5-442F-A0AD-C9510BD5AA81}.Release|Any CPU.Build.0 = Release|Any CPU
	EndGlobalSection
	GlobalSection(SolutionProperties) = preSolution
		HideSolutionNode = FALSE
	EndGlobalSection
	GlobalSection(ExtensibilityGlobals) = postSolution
		SolutionGuid = {2CC52E62-9F61-4771-B909-A6EA48CC0BD6}
	EndGlobalSection
EndGlobal
