
Microsoft Visual Studio Solution File, Format Version 12.00
# Visual Studio Version 16
VisualStudioVersion = 16.0.29215.179
MinimumVisualStudioVersion = 10.0.40219.1
Project("{FAE04EC0-301F-11D3-BF4B-00C04F79EFBC}") = "ciTest", "ciTest.csproj", "{53D103E8-C3A7-48CA-B9E3-8B83E4AC079C}"
EndProject
Global
	GlobalSection(SolutionConfigurationPlatforms) = preSolution
		Debug|Any CPU = Debug|Any CPU
		Release|Any CPU = Release|Any CPU
	EndGlobalSection
	GlobalSection(ProjectConfigurationPlatforms) = postSolution
		{53D103E8-C3A7-48CA-B9E3-8B83E4AC079C}.Debug|Any CPU.ActiveCfg = Debug|Any CPU
		{53D103E8-C3A7-48CA-B9E3-8B83E4AC079C}.Debug|Any CPU.Build.0 = Debug|Any CPU
		{53D103E8-C3A7-48CA-B9E3-8B83E4AC079C}.Release|Any CPU.ActiveCfg = Release|Any CPU
		{53D103E8-C3A7-48CA-B9E3-8B83E4AC079C}.Release|Any CPU.Build.0 = Release|Any CPU
	EndGlobalSection
	GlobalSection(SolutionProperties) = preSolution
		HideSolutionNode = FALSE
	EndGlobalSection
	GlobalSection(ExtensibilityGlobals) = postSolution
		SolutionGuid = {CB53C0FB-308C-423F-AE94-18F42B270A68}
	EndGlobalSection
EndGlobal
